
Microsoft Visual Studio Solution File, Format Version 12.00
# Visual Studio Version 16
VisualStudioVersion = 16.0.30503.244
MinimumVisualStudioVersion = 10.0.40219.1
Project("{FAE04EC0-301F-11D3-BF4B-00C04F79EFBC}") = "eShopSolution.WebApp", "eShopSolution.WebApp\eShopSolution.WebApp.csproj", "{57021EFD-EA36-4217-899B-136B0810E43F}"
EndProject
Project("{2150E333-8FDC-42A3-9474-1A3956D46DE8}") = "Solution Items", "Solution Items", "{8AE761D8-98B2-4A14-85D0-241E256B86C7}"
	ProjectSection(SolutionItems) = preProject
		README.md = README.md
	EndProjectSection
EndProject
Project("{FAE04EC0-301F-11D3-BF4B-00C04F79EFBC}") = "eShopSolution.Data", "eShopSolution.Data\eShopSolution.Data.csproj", "{68C95E89-3EB3-446B-AB75-B719C10EFA41}"
EndProject
Project("{FAE04EC0-301F-11D3-BF4B-00C04F79EFBC}") = "eShopSolution.Application", "eShopSolution.Application\eShopSolution.Application.csproj", "{2C3340AD-F25E-40E2-B66A-57A2416345D6}"
EndProject
Global
	GlobalSection(SolutionConfigurationPlatforms) = preSolution
		Debug|Any CPU = Debug|Any CPU
		Release|Any CPU = Release|Any CPU
	EndGlobalSection
	GlobalSection(ProjectConfigurationPlatforms) = postSolution
		{57021EFD-EA36-4217-899B-136B0810E43F}.Debug|Any CPU.ActiveCfg = Debug|Any CPU
		{57021EFD-EA36-4217-899B-136B0810E43F}.Debug|Any CPU.Build.0 = Debug|Any CPU
		{57021EFD-EA36-4217-899B-136B0810E43F}.Release|Any CPU.ActiveCfg = Release|Any CPU
		{57021EFD-EA36-4217-899B-136B0810E43F}.Release|Any CPU.Build.0 = Release|Any CPU
		{68C95E89-3EB3-446B-AB75-B719C10EFA41}.Debug|Any CPU.ActiveCfg = Debug|Any CPU
		{68C95E89-3EB3-446B-AB75-B719C10EFA41}.Debug|Any CPU.Build.0 = Debug|Any CPU
		{68C95E89-3EB3-446B-AB75-B719C10EFA41}.Release|Any CPU.ActiveCfg = Release|Any CPU
		{68C95E89-3EB3-446B-AB75-B719C10EFA41}.Release|Any CPU.Build.0 = Release|Any CPU
		{2C3340AD-F25E-40E2-B66A-57A2416345D6}.Debug|Any CPU.ActiveCfg = Debug|Any CPU
		{2C3340AD-F25E-40E2-B66A-57A2416345D6}.Debug|Any CPU.Build.0 = Debug|Any CPU
		{2C3340AD-F25E-40E2-B66A-57A2416345D6}.Release|Any CPU.ActiveCfg = Release|Any CPU
		{2C3340AD-F25E-40E2-B66A-57A2416345D6}.Release|Any CPU.Build.0 = Release|Any CPU
	EndGlobalSection
	GlobalSection(SolutionProperties) = preSolution
		HideSolutionNode = FALSE
	EndGlobalSection
	GlobalSection(ExtensibilityGlobals) = postSolution
		SolutionGuid = {B71851B6-59AF-493E-A52D-BCB7180AC60E}
	EndGlobalSection
EndGlobal
